
Microsoft Visual Studio Solution File, Format Version 12.00
# Visual Studio Version 17
VisualStudioVersion = 17.3.32929.385
MinimumVisualStudioVersion = 10.0.40219.1
Project("{888888A0-9F3D-457C-B088-3A5042F75D52}") = "meth", "meth.pyproj", "{6438D699-D5FD-4028-AF8F-CCB377F80AC4}"
EndProject
Global
	GlobalSection(SolutionConfigurationPlatforms) = preSolution
		Debug|Any CPU = Debug|Any CPU
		Release|Any CPU = Release|Any CPU
	EndGlobalSection
	GlobalSection(ProjectConfigurationPlatforms) = postSolution
		{6438D699-D5FD-4028-AF8F-CCB377F80AC4}.Debug|Any CPU.ActiveCfg = Debug|Any CPU
		{6438D699-D5FD-4028-AF8F-CCB377F80AC4}.Release|Any CPU.ActiveCfg = Release|Any CPU
	EndGlobalSection
	GlobalSection(SolutionProperties) = preSolution
		HideSolutionNode = FALSE
	EndGlobalSection
	GlobalSection(ExtensibilityGlobals) = postSolution
		SolutionGuid = {77091B6E-15C8-486D-B4BF-2AD5DBE2E808}
	EndGlobalSection
EndGlobal
